<?xml version="1.0" encoding="utf-8"?>
<Project ToolsVersion="4.0" xmlns="http://schemas.microsoft.com/developer/msbuild/2003">
  <ItemGroup>
    <Filter Include="源文件">
      <UniqueIdentifier>{4FC737F1-C7A5-4376-A066-2A32D752A2FF}</UniqueIdentifier>
      <Extensions>cpp;c;cc;cxx;def;odl;idl;hpj;bat;asm;asmx</Extensions>
    </Filter>
    <Filter Include="头文件">
      <UniqueIdentifier>{93995380-89BD-4b04-88EB-625FBE52EBFB}</UniqueIdentifier>
      <Extensions>h;hpp;hxx;hm;inl;inc;xsd</Extensions>
    </Filter>
    <Filter Include="资源文件">
      <UniqueIdentifier>{67DA6AB6-F800-4c08-8B7A-83BB121AAD01}</UniqueIdentifier>
      <Extensions>rc;ico;cur;bmp;dlg;rc2;rct;bin;rgs;gif;jpg;jpeg;jpe;resx;tiff;tif;png;wav;mfcribbon-ms</Extensions>
    </Filter>
  </ItemGroup>
  <ItemGroup>
    <ClInclude Include="AcctUpdatesDlg.h">
      <Filter>头文件</Filter>
    </ClInclude>
    <ClInclude Include="client2.h">
      <Filter>头文件</Filter>
    </ClInclude>
    <ClInclude Include="client2Dlg.h">
      <Filter>头文件</Filter>
    </ClInclude>
    <ClInclude Include="CommissionReport.h">
      <Filter>头文件</Filter>
    </ClInclude>
    <ClInclude Include="CommonDefs.h">
      <Filter>头文件</Filter>
    </ClInclude>
    <ClInclude Include="Contract.h">
      <Filter>头文件</Filter>
    </ClInclude>
    <ClInclude Include="DlgAccount.h">
      <Filter>头文件</Filter>
    </ClInclude>
    <ClInclude Include="DlgAlgoParams.h">
      <Filter>头文件</Filter>
    </ClInclude>
    <ClInclude Include="DlgComboLegs.h">
      <Filter>头文件</Filter>
    </ClInclude>
    <ClInclude Include="DlgConnect.h">
      <Filter>头文件</Filter>
    </ClInclude>
    <ClInclude Include="DlgExtOrd.h">
      <Filter>头文件</Filter>
    </ClInclude>
    <ClInclude Include="DlgFAAllocationInfo.h">
      <Filter>头文件</Filter>
    </ClInclude>
    <ClInclude Include="DlgFinancialAdvisor.h">
      <Filter>头文件</Filter>
    </ClInclude>
    <ClInclude Include="DlgLogConfig.h">
      <Filter>头文件</Filter>
    </ClInclude>
    <ClInclude Include="DlgMktDepth.h">
      <Filter>头文件</Filter>
    </ClInclude>
    <ClInclude Include="DlgNewsBulletins.h">
      <Filter>头文件</Filter>
    </ClInclude>
    <ClInclude Include="DlgOrder.h">
      <Filter>头文件</Filter>
    </ClInclude>
    <ClInclude Include="DlgScanner.h">
      <Filter>头文件</Filter>
    </ClInclude>
    <ClInclude Include="DlgSmartComboRoutingParams.h">
      <Filter>头文件</Filter>
    </ClInclude>
    <ClInclude Include="DlgUnderComp.h">
      <Filter>头文件</Filter>
    </ClInclude>
    <ClInclude Include="EClient.h">
      <Filter>头文件</Filter>
    </ClInclude>
    <ClInclude Include="EClientSocket.h">
      <Filter>头文件</Filter>
    </ClInclude>
    <ClInclude Include="EClientSocketBase.h">
      <Filter>头文件</Filter>
    </ClInclude>
    <ClInclude Include="EClientSocketBaseImpl.h">
      <Filter>头文件</Filter>
    </ClInclude>
    <ClInclude Include="EWrapper.h">
      <Filter>头文件</Filter>
    </ClInclude>
    <ClInclude Include="Execution.h">
      <Filter>头文件</Filter>
    </ClInclude>
    <ClInclude Include="HScrollListBox.h">
      <Filter>头文件</Filter>
    </ClInclude>
    <ClInclude Include="IBString.h">
      <Filter>头文件</Filter>
    </ClInclude>
    <ClInclude Include="MdSpi.h">
      <Filter>头文件</Filter>
    </ClInclude>
    <ClInclude Include="Order.h">
      <Filter>头文件</Filter>
    </ClInclude>
    <ClInclude Include="OrderState.h">
      <Filter>头文件</Filter>
    </ClInclude>
    <ClInclude Include="resource.h">
      <Filter>头文件</Filter>
    </ClInclude>
    <ClInclude Include="resource1.h">
      <Filter>头文件</Filter>
    </ClInclude>
    <ClInclude Include="RptFilterDlg.h">
      <Filter>头文件</Filter>
    </ClInclude>
    <ClInclude Include="ScannerSubscription.h">
      <Filter>头文件</Filter>
    </ClInclude>
    <ClInclude Include="StdAfx.h">
      <Filter>头文件</Filter>
    </ClInclude>
    <ClInclude Include="TagValue.h">
      <Filter>头文件</Filter>
    </ClInclude>
    <ClInclude Include="ThostFtdcMdApi.h">
      <Filter>头文件</Filter>
    </ClInclude>
    <ClInclude Include="ThostFtdcTraderApi.h">
      <Filter>头文件</Filter>
    </ClInclude>
    <ClInclude Include="ThostFtdcUserApiDataType.h">
      <Filter>头文件</Filter>
    </ClInclude>
    <ClInclude Include="ThostFtdcUserApiStruct.h">
      <Filter>头文件</Filter>
    </ClInclude>
    <ClInclude Include="TraderSpi.h">
      <Filter>头文件</Filter>
    </ClInclude>
    <ClInclude Include="TwsSocketClientErrors.h">
      <Filter>头文件</Filter>
    </ClInclude>
    <ClInclude Include="dealHttp.h">
      <Filter>头文件</Filter>
    </ClInclude>
    <ClInclude Include="shared_ptr.h">
      <Filter>头文件</Filter>
    </ClInclude>
    <ClInclude Include="Weixin.h">
      <Filter>头文件</Filter>
    </ClInclude>
    <ClInclude Include="PicDlg.h">
      <Filter>头文件</Filter>
    </ClInclude>
    <ClInclude Include="calendar.h">
      <Filter>头文件</Filter>
    </ClInclude>
  </ItemGroup>
  <ItemGroup>
    <ClCompile Include="AcctUpdatesDlg.cpp">
      <Filter>源文件</Filter>
    </ClCompile>
    <ClCompile Include="client2.cpp">
      <Filter>源文件</Filter>
    </ClCompile>
    <ClCompile Include="client2Dlg.cpp">
      <Filter>源文件</Filter>
    </ClCompile>
    <ClCompile Include="dealHttp.cpp">
      <Filter>源文件</Filter>
    </ClCompile>
    <ClCompile Include="DlgAccount.cpp">
      <Filter>源文件</Filter>
    </ClCompile>
    <ClCompile Include="DlgAlgoParams.cpp">
      <Filter>源文件</Filter>
    </ClCompile>
    <ClCompile Include="DlgComboLegs.cpp">
      <Filter>源文件</Filter>
    </ClCompile>
    <ClCompile Include="DlgConnect.cpp">
      <Filter>源文件</Filter>
    </ClCompile>
    <ClCompile Include="DlgExtOrd.cpp">
      <Filter>源文件</Filter>
    </ClCompile>
    <ClCompile Include="DlgFAAllocationInfo.cpp">
      <Filter>源文件</Filter>
    </ClCompile>
    <ClCompile Include="DlgFinancialAdvisor.cpp">
      <Filter>源文件</Filter>
    </ClCompile>
    <ClCompile Include="DlgLogConfig.cpp">
      <Filter>源文件</Filter>
    </ClCompile>
    <ClCompile Include="DlgMktDepth.cpp">
      <Filter>源文件</Filter>
    </ClCompile>
    <ClCompile Include="DlgNewsBulletins.cpp">
      <Filter>源文件</Filter>
    </ClCompile>
    <ClCompile Include="DlgOrder.cpp">
      <Filter>源文件</Filter>
    </ClCompile>
    <ClCompile Include="DlgScanner.cpp">
      <Filter>源文件</Filter>
    </ClCompile>
    <ClCompile Include="DlgSmartComboRoutingParams.cpp">
      <Filter>源文件</Filter>
    </ClCompile>
    <ClCompile Include="DlgUnderComp.cpp">
      <Filter>源文件</Filter>
    </ClCompile>
    <ClCompile Include="EClientSocket.cpp">
      <Filter>源文件</Filter>
    </ClCompile>
    <ClCompile Include="EClientSocketBase.cpp">
      <Filter>源文件</Filter>
    </ClCompile>
    <ClCompile Include="HScrollListBox.cpp">
      <Filter>源文件</Filter>
    </ClCompile>
    <ClCompile Include="MdSpi.cpp">
      <Filter>源文件</Filter>
    </ClCompile>
    <ClCompile Include="RptFilterDlg.cpp">
      <Filter>源文件</Filter>
    </ClCompile>
    <ClCompile Include="StdAfx.cpp">
      <Filter>源文件</Filter>
    </ClCompile>
    <ClCompile Include="testMdApi.cpp">
      <Filter>源文件</Filter>
    </ClCompile>
    <ClCompile Include="testTraderApi.cpp">
      <Filter>源文件</Filter>
    </ClCompile>
    <ClCompile Include="TraderSpi.cpp">
      <Filter>源文件</Filter>
    </ClCompile>
    <ClCompile Include="trade.cpp">
      <Filter>源文件</Filter>
    </ClCompile>
    <ClCompile Include="Weixin.cpp">
      <Filter>源文件</Filter>
    </ClCompile>
    <ClCompile Include="PicDlg.cpp">
      <Filter>源文件</Filter>
    </ClCompile>
    <ClCompile Include="calendar.cpp">
      <Filter>源文件</Filter>
    </ClCompile>
  </ItemGroup>
  <ItemGroup>
    <None Include="res\client2.ico">
      <Filter>资源文件</Filter>
    </None>
    <None Include="res\client2.rc2">
      <Filter>资源文件</Filter>
    </None>
  </ItemGroup>
  <ItemGroup>
    <Library Include="res\thostmduserapi.lib">
      <Filter>资源文件</Filter>
    </Library>
    <Library Include="res\thosttraderapi.lib">
      <Filter>资源文件</Filter>
    </Library>
  </ItemGroup>
  <ItemGroup>
    <ResourceCompile Include="client2.rc">
      <Filter>资源文件</Filter>
    </ResourceCompile>
  </ItemGroup>
</Project>